// !$*UTF8*$!
{
	archiveVersion = 1;
	classes = {
	};
	objectVersion = 46;
	objects = {

/* Begin PBXBuildFile section */
		5F6951731E3389F700AE7AF2 /* AppDelegate.swift in Sources */ = {isa = PBXBuildFile; fileRef = 5F6951721E3389F700AE7AF2 /* AppDelegate.swift */; };
		5F6951751E3389F700AE7AF2 /* ViewController.swift in Sources */ = {isa = PBXBuildFile; fileRef = 5F6951741E3389F700AE7AF2 /* ViewController.swift */; };
		5F6951781E3389F700AE7AF2 /* Main.storyboard in Resources */ = {isa = PBXBuildFile; fileRef = 5F6951761E3389F700AE7AF2 /* Main.storyboard */; };
		5F69517A1E3389F700AE7AF2 /* Assets.xcassets in Resources */ = {isa = PBXBuildFile; fileRef = 5F6951791E3389F700AE7AF2 /* Assets.xcassets */; };
		5F69517D1E3389F700AE7AF2 /* LaunchScreen.storyboard in Resources */ = {isa = PBXBuildFile; fileRef = 5F69517B1E3389F700AE7AF2 /* LaunchScreen.storyboard */; };
		5F6951881E3389F700AE7AF2 /* islandTests.swift in Sources */ = {isa = PBXBuildFile; fileRef = 5F6951871E3389F700AE7AF2 /* islandTests.swift */; };
		5F6951941E338A1300AE7AF2 /* Classes.swift in Sources */ = {isa = PBXBuildFile; fileRef = 5F6951931E338A1300AE7AF2 /* Classes.swift */; };
/* End PBXBuildFile section */

/* Begin PBXContainerItemProxy section */
		5F6951841E3389F700AE7AF2 /* PBXContainerItemProxy */ = {
			isa = PBXContainerItemProxy;
			containerPortal = 5F6951671E3389F700AE7AF2 /* Project object */;
			proxyType = 1;
			remoteGlobalIDString = 5F69516E1E3389F700AE7AF2;
			remoteInfo = island;
		};
/* End PBXContainerItemProxy section */

/* Begin PBXFileReference section */
		5F69516F1E3389F700AE7AF2 /* island.app */ = {isa = PBXFileReference; explicitFileType = wrapper.application; includeInIndex = 0; path = island.app; sourceTree = BUILT_PRODUCTS_DIR; };
		5F6951721E3389F700AE7AF2 /* AppDelegate.swift */ = {isa = PBXFileReference; lastKnownFileType = sourcecode.swift; path = AppDelegate.swift; sourceTree = "<group>"; };
		5F6951741E3389F700AE7AF2 /* ViewController.swift */ = {isa = PBXFileReference; lastKnownFileType = sourcecode.swift; path = ViewController.swift; sourceTree = "<group>"; };
		5F6951771E3389F700AE7AF2 /* Base */ = {isa = PBXFileReference; lastKnownFileType = file.storyboard; name = Base; path = Base.lproj/Main.storyboard; sourceTree = "<group>"; };
		5F6951791E3389F700AE7AF2 /* Assets.xcassets */ = {isa = PBXFileReference; lastKnownFileType = folder.assetcatalog; path = Assets.xcassets; sourceTree = "<group>"; };
		5F69517C1E3389F700AE7AF2 /* Base */ = {isa = PBXFileReference; lastKnownFileType = file.storyboard; name = Base; path = Base.lproj/LaunchScreen.storyboard; sourceTree = "<group>"; };
		5F69517E1E3389F700AE7AF2 /* Info.plist */ = {isa = PBXFileReference; lastKnownFileType = text.plist.xml; path = Info.plist; sourceTree = "<group>"; };
		5F6951831E3389F700AE7AF2 /* islandTests.xctest */ = {isa = PBXFileReference; explicitFileType = wrapper.cfbundle; includeInIndex = 0; path = islandTests.xctest; sourceTree = BUILT_PRODUCTS_DIR; };
		5F6951871E3389F700AE7AF2 /* islandTests.swift */ = {isa = PBXFileReference; lastKnownFileType = sourcecode.swift; path = islandTests.swift; sourceTree = "<group>"; };
		5F6951891E3389F700AE7AF2 /* Info.plist */ = {isa = PBXFileReference; lastKnownFileType = text.plist.xml; path = Info.plist; sourceTree = "<group>"; };
		5F6951931E338A1300AE7AF2 /* Classes.swift */ = {isa = PBXFileReference; fileEncoding = 4; lastKnownFileType = sourcecode.swift; path = Classes.swift; sourceTree = "<group>"; };
/* End PBXFileReference section */

/* Begin PBXFrameworksBuildPhase section */
		5F69516C1E3389F700AE7AF2 /* Frameworks */ = {
			isa = PBXFrameworksBuildPhase;
			buildActionMask = 2147483647;
			files = (
			);
			runOnlyForDeploymentPostprocessing = 0;
		};
		5F6951801E3389F700AE7AF2 /* Frameworks */ = {
			isa = PBXFrameworksBuildPhase;
			buildActionMask = 2147483647;
			files = (
			);
			runOnlyForDeploymentPostprocessing = 0;
		};
/* End PBXFrameworksBuildPhase section */

/* Begin PBXGroup section */
		5F6951661E3389F700AE7AF2 = {
			isa = PBXGroup;
			children = (
				5F6951711E3389F700AE7AF2 /* island */,
				5F6951861E3389F700AE7AF2 /* islandTests */,
				5F6951701E3389F700AE7AF2 /* Products */,
			);
			sourceTree = "<group>";
		};
		5F6951701E3389F700AE7AF2 /* Products */ = {
			isa = PBXGroup;
			children = (
				5F69516F1E3389F700AE7AF2 /* island.app */,
				5F6951831E3389F700AE7AF2 /* islandTests.xctest */,
			);
			name = Products;
			sourceTree = "<group>";
		};
		5F6951711E3389F700AE7AF2 /* island */ = {
			isa = PBXGroup;
			children = (
				5F6951931E338A1300AE7AF2 /* Classes.swift */,
				5F6951721E3389F700AE7AF2 /* AppDelegate.swift */,
				5F6951741E3389F700AE7AF2 /* ViewController.swift */,
				5F6951761E3389F700AE7AF2 /* Main.storyboard */,
				5F6951791E3389F700AE7AF2 /* Assets.xcassets */,
				5F69517B1E3389F700AE7AF2 /* LaunchScreen.storyboard */,
				5F69517E1E3389F700AE7AF2 /* Info.plist */,
			);
			path = island;
			sourceTree = "<group>";
		};
		5F6951861E3389F700AE7AF2 /* islandTests */ = {
			isa = PBXGroup;
			children = (
				5F6951871E3389F700AE7AF2 /* islandTests.swift */,
				5F6951891E3389F700AE7AF2 /* Info.plist */,
			);
			path = islandTests;
			sourceTree = "<group>";
		};
/* End PBXGroup section */

/* Begin PBXNativeTarget section */
		5F69516E1E3389F700AE7AF2 /* island */ = {
			isa = PBXNativeTarget;
			buildConfigurationList = 5F69518C1E3389F700AE7AF2 /* Build configuration list for PBXNativeTarget "island" */;
			buildPhases = (
				5F69516B1E3389F700AE7AF2 /* Sources */,
				5F69516C1E3389F700AE7AF2 /* Frameworks */,
				5F69516D1E3389F700AE7AF2 /* Resources */,
			);
			buildRules = (
			);
			dependencies = (
			);
			name = island;
			productName = island;
			productReference = 5F69516F1E3389F700AE7AF2 /* island.app */;
			productType = "com.apple.product-type.application";
		};
		5F6951821E3389F700AE7AF2 /* islandTests */ = {
			isa = PBXNativeTarget;
			buildConfigurationList = 5F69518F1E3389F700AE7AF2 /* Build configuration list for PBXNativeTarget "islandTests" */;
			buildPhases = (
				5F69517F1E3389F700AE7AF2 /* Sources */,
				5F6951801E3389F700AE7AF2 /* Frameworks */,
				5F6951811E3389F700AE7AF2 /* Resources */,
			);
			buildRules = (
			);
			dependencies = (
				5F6951851E3389F700AE7AF2 /* PBXTargetDependency */,
			);
			name = islandTests;
			productName = islandTests;
			productReference = 5F6951831E3389F700AE7AF2 /* islandTests.xctest */;
			productType = "com.apple.product-type.bundle.unit-test";
		};
/* End PBXNativeTarget section */

/* Begin PBXProject section */
		5F6951671E3389F700AE7AF2 /* Project object */ = {
			isa = PBXProject;
			attributes = {
				LastSwiftUpdateCheck = 0810;
				LastUpgradeCheck = 0810;
				ORGANIZATIONNAME = "Pixie Technology";
				TargetAttributes = {
					5F69516E1E3389F700AE7AF2 = {
						CreatedOnToolsVersion = 8.1;
						DevelopmentTeam = J62AWW3Q79;
						ProvisioningStyle = Automatic;
					};
					5F6951821E3389F700AE7AF2 = {
						CreatedOnToolsVersion = 8.1;
						DevelopmentTeam = J62AWW3Q79;
						ProvisioningStyle = Automatic;
						TestTargetID = 5F69516E1E3389F700AE7AF2;
					};
				};
			};
			buildConfigurationList = 5F69516A1E3389F700AE7AF2 /* Build configuration list for PBXProject "island" */;
			compatibilityVersion = "Xcode 3.2";
			developmentRegion = English;
			hasScannedForEncodings = 0;
			knownRegions = (
				en,
				Base,
			);
			mainGroup = 5F6951661E3389F700AE7AF2;
			productRefGroup = 5F6951701E3389F700AE7AF2 /* Products */;
			projectDirPath = "";
			projectRoot = "";
			targets = (
				5F69516E1E3389F700AE7AF2 /* island */,
				5F6951821E3389F700AE7AF2 /* islandTests */,
			);
		};
/* End PBXProject section */

/* Begin PBXResourcesBuildPhase section */
		5F69516D1E3389F700AE7AF2 /* Resources */ = {
			isa = PBXResourcesBuildPhase;
			buildActionMask = 2147483647;
			files = (
				5F69517D1E3389F700AE7AF2 /* LaunchScreen.storyboard in Resources */,
				5F69517A1E3389F700AE7AF2 /* Assets.xcassets in Resources */,
				5F6951781E3389F700AE7AF2 /* Main.storyboard in Resources */,
			);
			runOnlyForDeploymentPostprocessing = 0;
		};
		5F6951811E3389F700AE7AF2 /* Resources */ = {
			isa = PBXResourcesBuildPhase;
			buildActionMask = 2147483647;
			files = (
			);
			runOnlyForDeploymentPostprocessing = 0;
		};
/* End PBXResourcesBuildPhase section */

/* Begin PBXSourcesBuildPhase section */
		5F69516B1E3389F700AE7AF2 /* Sources */ = {
			isa = PBXSourcesBuildPhase;
			buildActionMask = 2147483647;
			files = (
				5F6951751E3389F700AE7AF2 /* ViewController.swift in Sources */,
				5F6951731E3389F700AE7AF2 /* AppDelegate.swift in Sources */,
				5F6951941E338A1300AE7AF2 /* Classes.swift in Sources */,
			);
			runOnlyForDeploymentPostprocessing = 0;
		};
		5F69517F1E3389F700AE7AF2 /* Sources */ = {
			isa = PBXSourcesBuildPhase;
			buildActionMask = 2147483647;
			files = (
				5F6951881E3389F700AE7AF2 /* islandTests.swift in Sources */,
			);
			runOnlyForDeploymentPostprocessing = 0;
		};
/* End PBXSourcesBuildPhase section */

/* Begin PBXTargetDependency section */
		5F6951851E3389F700AE7AF2 /* PBXTargetDependency */ = {
			isa = PBXTargetDependency;
			target = 5F69516E1E3389F700AE7AF2 /* island */;
			targetProxy = 5F6951841E3389F700AE7AF2 /* PBXContainerItemProxy */;
		};
/* End PBXTargetDependency section */

/* Begin PBXVariantGroup section */
		5F6951761E3389F700AE7AF2 /* Main.storyboard */ = {
			isa = PBXVariantGroup;
			children = (
				5F6951771E3389F700AE7AF2 /* Base */,
			);
			name = Main.storyboard;
			sourceTree = "<group>";
		};
		5F69517B1E3389F700AE7AF2 /* LaunchScreen.storyboard */ = {
			isa = PBXVariantGroup;
			children = (
				5F69517C1E3389F700AE7AF2 /* Base */,
			);
			name = LaunchScreen.storyboard;
			sourceTree = "<group>";
		};
/* End PBXVariantGroup section */

/* Begin XCBuildConfiguration section */
		5F69518A1E3389F700AE7AF2 /* Debug */ = {
			isa = XCBuildConfiguration;
			buildSettings = {
				ALWAYS_SEARCH_USER_PATHS = NO;
				CLANG_ANALYZER_NONNULL = YES;
				CLANG_CXX_LANGUAGE_STANDARD = "gnu++0x";
				CLANG_CXX_LIBRARY = "libc++";
				CLANG_ENABLE_MODULES = YES;
				CLANG_ENABLE_OBJC_ARC = YES;
				CLANG_WARN_BOOL_CONVERSION = YES;
				CLANG_WARN_CONSTANT_CONVERSION = YES;
				CLANG_WARN_DIRECT_OBJC_ISA_USAGE = YES_ERROR;
				CLANG_WARN_DOCUMENTATION_COMMENTS = YES;
				CLANG_WARN_EMPTY_BODY = YES;
				CLANG_WARN_ENUM_CONVERSION = YES;
				CLANG_WARN_INFINITE_RECURSION = YES;
				CLANG_WARN_INT_CONVERSION = YES;
				CLANG_WARN_OBJC_ROOT_CLASS = YES_ERROR;
				CLANG_WARN_SUSPICIOUS_MOVES = YES;
				CLANG_WARN_UNREACHABLE_CODE = YES;
				CLANG_WARN__DUPLICATE_METHOD_MATCH = YES;
				"CODE_SIGN_IDENTITY[sdk=iphoneos*]" = "iPhone Developer";
				COPY_PHASE_STRIP = NO;
				DEBUG_INFORMATION_FORMAT = dwarf;
				ENABLE_STRICT_OBJC_MSGSEND = YES;
				ENABLE_TESTABILITY = YES;
				GCC_C_LANGUAGE_STANDARD = gnu99;
				GCC_DYNAMIC_NO_PIC = NO;
				GCC_NO_COMMON_BLOCKS = YES;
				GCC_OPTIMIZATION_LEVEL = 0;
				GCC_PREPROCESSOR_DEFINITIONS = (
					"DEBUG=1",
					"$(inherited)",
				);
				GCC_WARN_64_TO_32_BIT_CONVERSION = YES;
				GCC_WARN_ABOUT_RETURN_TYPE = YES_ERROR;
				GCC_WARN_UNDECLARED_SELECTOR = YES;
				GCC_WARN_UNINITIALIZED_AUTOS = YES_AGGRESSIVE;
				GCC_WARN_UNUSED_FUNCTION = YES;
				GCC_WARN_UNUSED_VARIABLE = YES;
				IPHONEOS_DEPLOYMENT_TARGET = 10.1;
				MTL_ENABLE_DEBUG_INFO = YES;
				ONLY_ACTIVE_ARCH = YES;
				SDKROOT = iphoneos;
				SWIFT_ACTIVE_COMPILATION_CONDITIONS = DEBUG;
				SWIFT_OPTIMIZATION_LEVEL = "-Onone";
			};
			name = Debug;
		};
		5F69518B1E3389F700AE7AF2 /* Release */ = {
			isa = XCBuildConfiguration;
			buildSettings = {
				ALWAYS_SEARCH_USER_PATHS = NO;
				CLANG_ANALYZER_NONNULL = YES;
				CLANG_CXX_LANGUAGE_STANDARD = "gnu++0x";
				CLANG_CXX_LIBRARY = "libc++";
				CLANG_ENABLE_MODULES = YES;
				CLANG_ENABLE_OBJC_ARC = YES;
				CLANG_WARN_BOOL_CONVERSION = YES;
				CLANG_WARN_CONSTANT_CONVERSION = YES;
				CLANG_WARN_DIRECT_OBJC_ISA_USAGE = YES_ERROR;
				CLANG_WARN_DOCUMENTATION_COMMENTS = YES;
				CLANG_WARN_EMPTY_BODY = YES;
				CLANG_WARN_ENUM_CONVERSION = YES;
				CLANG_WARN_INFINITE_RECURSION = YES;
				CLANG_WARN_INT_CONVERSION = YES;
				CLANG_WARN_OBJC_ROOT_CLASS = YES_ERROR;
				CLANG_WARN_SUSPICIOUS_MOVES = YES;
				CLANG_WARN_UNREACHABLE_CODE = YES;
				CLANG_WARN__DUPLICATE_METHOD_MATCH = YES;
				"CODE_SIGN_IDENTITY[sdk=iphoneos*]" = "iPhone Developer";
				COPY_PHASE_STRIP = NO;
				DEBUG_INFORMATION_FORMAT = "dwarf-with-dsym";
				ENABLE_NS_ASSERTIONS = NO;
				ENABLE_STRICT_OBJC_MSGSEND = YES;
				GCC_C_LANGUAGE_STANDARD = gnu99;
				GCC_NO_COMMON_BLOCKS = YES;
				GCC_WARN_64_TO_32_BIT_CONVERSION = YES;
				GCC_WARN_ABOUT_RETURN_TYPE = YES_ERROR;
				GCC_WARN_UNDECLARED_SELECTOR = YES;
				GCC_WARN_UNINITIALIZED_AUTOS = YES_AGGRESSIVE;
				GCC_WARN_UNUSED_FUNCTION = YES;
				GCC_WARN_UNUSED_VARIABLE = YES;
				IPHONEOS_DEPLOYMENT_TARGET = 10.1;
				MTL_ENABLE_DEBUG_INFO = NO;
				SDKROOT = iphoneos;
				SWIFT_OPTIMIZATION_LEVEL = "-Owholemodule";
				VALIDATE_PRODUCT = YES;
			};
			name = Release;
		};
		5F69518D1E3389F700AE7AF2 /* Debug */ = {
			isa = XCBuildConfiguration;
			buildSettings = {
				ASSETCATALOG_COMPILER_APPICON_NAME = AppIcon;
				DEVELOPMENT_TEAM = J62AWW3Q79;
				INFOPLIST_FILE = island/Info.plist;
				LD_RUNPATH_SEARCH_PATHS = "$(inherited) @executable_path/Frameworks";
				PRODUCT_BUNDLE_IDENTIFIER = com.pixieTechnology.island;
				PRODUCT_NAME = "$(TARGET_NAME)";
				SWIFT_VERSION = 3.0;
			};
			name = Debug;
		};
		5F69518E1E3389F700AE7AF2 /* Release */ = {
			isa = XCBuildConfiguration;
			buildSettings = {
				ASSETCATALOG_COMPILER_APPICON_NAME = AppIcon;
				DEVELOPMENT_TEAM = J62AWW3Q79;
				INFOPLIST_FILE = island/Info.plist;
				LD_RUNPATH_SEARCH_PATHS = "$(inherited) @executable_path/Frameworks";
				PRODUCT_BUNDLE_IDENTIFIER = com.pixieTechnology.island;
				PRODUCT_NAME = "$(TARGET_NAME)";
				SWIFT_VERSION = 3.0;
			};
			name = Release;
		};
		5F6951901E3389F700AE7AF2 /* Debug */ = {
			isa = XCBuildConfiguration;
			buildSettings = {
				ALWAYS_EMBED_SWIFT_STANDARD_LIBRARIES = YES;
				BUNDLE_LOADER = "$(TEST_HOST)";
				DEVELOPMENT_TEAM = J62AWW3Q79;
				INFOPLIST_FILE = islandTests/Info.plist;
				LD_RUNPATH_SEARCH_PATHS = "$(inherited) @executable_path/Frameworks @loader_path/Frameworks";
				PRODUCT_BUNDLE_IDENTIFIER = com.pixieTechnology.islandTests;
				PRODUCT_NAME = "$(TARGET_NAME)";
				SWIFT_VERSION = 3.0;
				TEST_HOST = "$(BUILT_PRODUCTS_DIR)/island.app/island";
			};
			name = Debug;
		};
		5F6951911E3389F700AE7AF2 /* Release */ = {
			isa = XCBuildConfiguration;
			buildSettings = {
				ALWAYS_EMBED_SWIFT_STANDARD_LIBRARIES = YES;
				BUNDLE_LOADER = "$(TEST_HOST)";
				DEVELOPMENT_TEAM = J62AWW3Q79;
				INFOPLIST_FILE = islandTests/Info.plist;
				LD_RUNPATH_SEARCH_PATHS = "$(inherited) @executable_path/Frameworks @loader_path/Frameworks";
				PRODUCT_BUNDLE_IDENTIFIER = com.pixieTechnology.islandTests;
				PRODUCT_NAME = "$(TARGET_NAME)";
				SWIFT_VERSION = 3.0;
				TEST_HOST = "$(BUILT_PRODUCTS_DIR)/island.app/island";
			};
			name = Release;
		};
/* End XCBuildConfiguration section */

/* Begin XCConfigurationList section */
		5F69516A1E3389F700AE7AF2 /* Build configuration list for PBXProject "island" */ = {
			isa = XCConfigurationList;
			buildConfigurations = (
				5F69518A1E3389F700AE7AF2 /* Debug */,
				5F69518B1E3389F700AE7AF2 /* Release */,
			);
			defaultConfigurationIsVisible = 0;
			defaultConfigurationName = Release;
		};
		5F69518C1E3389F700AE7AF2 /* Build configuration list for PBXNativeTarget "island" */ = {
			isa = XCConfigurationList;
			buildConfigurations = (
				5F69518D1E3389F700AE7AF2 /* Debug */,
				5F69518E1E3389F700AE7AF2 /* Release */,
			);
			defaultConfigurationIsVisible = 0;
		};
		5F69518F1E3389F700AE7AF2 /* Build configuration list for PBXNativeTarget "islandTests" */ = {
			isa = XCConfigurationList;
			buildConfigurations = (
				5F6951901E3389F700AE7AF2 /* Debug */,
				5F6951911E3389F700AE7AF2 /* Release */,
			);
			defaultConfigurationIsVisible = 0;
		};
/* End XCConfigurationList section */
	};
	rootObject = 5F6951671E3389F700AE7AF2 /* Project object */;
}
